lockfileVersion: '9.0'

settings:
  autoInstallPeers: true
  excludeLinksFromLockfile: false

importers:

  .:
    dependencies:
      '@elysiajs/cors':
        specifier: ^1.4.0
        version: 1.4.1(elysia@1.4.22(@sinclair/typebox@0.34.47)(@types/bun@1.3.6)(exact-mirror@0.2.6(@sinclair/typebox@0.34.47))(file-type@21.3.0)(openapi-types@12.1.3)(typescript@5.9.3))
      '@upstash/ratelimit':
        specifier: ^2.0.7
        version: 2.0.8(@upstash/redis@1.36.1)
      elysia:
        specifier: ^1.4.18
        version: 1.4.22(@sinclair/typebox@0.34.47)(@types/bun@1.3.6)(exact-mirror@0.2.6(@sinclair/typebox@0.34.47))(file-type@21.3.0)(openapi-types@12.1.3)(typescript@5.9.3)
      fetch-cookie:
        specifier: ^3.1.0
        version: 3.2.0
      ioredis:
        specifier: ^5.8.2
        version: 5.9.2
      otplib:
        specifier: ^12.0.1
        version: 12.0.1
      tough-cookie:
        specifier: ^6.0.0
        version: 6.0.0
      typescript:
        specifier: ^5
        version: 5.9.3
    devDependencies:
      '@types/bun':
        specifier: latest
        version: 1.3.6

packages:

  '@borewit/text-codec@0.2.1':
    resolution: {integrity: sha512-k7vvKPbf7J2fZ5klGRD9AeKfUvojuZIQ3BT5u7Jfv+puwXkUBUT5PVyMDfJZpy30CBDXGMgw7fguK/lpOMBvgw==}

  '@elysiajs/cors@1.4.1':
    resolution: {integrity: sha512-lQfad+F3r4mNwsxRKbXyJB8Jg43oAOXjRwn7sKUL6bcOW3KjUqUimTS+woNpO97efpzjtDE0tEjGk9DTw8lqTQ==}
    peerDependencies:
      elysia: '>= 1.4.0'

  '@ioredis/commands@1.5.0':
    resolution: {integrity: sha512-eUgLqrMf8nJkZxT24JvVRrQya1vZkQh8BBeYNwGDqa5I0VUi8ACx7uFvAaLxintokpTenkK6DASvo/bvNbBGow==}

  '@otplib/core@12.0.1':
    resolution: {integrity: sha512-4sGntwbA/AC+SbPhbsziRiD+jNDdIzsZ3JUyfZwjtKyc/wufl1pnSIaG4Uqx8ymPagujub0o92kgBnB89cuAMA==}

  '@otplib/plugin-crypto@12.0.1':
    resolution: {integrity: sha512-qPuhN3QrT7ZZLcLCyKOSNhuijUi9G5guMRVrxq63r9YNOxxQjPm59gVxLM+7xGnHnM6cimY57tuKsjK7y9LM1g==}
    deprecated: Please upgrade to v13 of otplib. Refer to otplib docs for migration paths

  '@otplib/plugin-thirty-two@12.0.1':
    resolution: {integrity: sha512-MtT+uqRso909UkbrrYpJ6XFjj9D+x2Py7KjTO9JDPhL0bJUYVu5kFP4TFZW4NFAywrAtFRxOVY261u0qwb93gA==}
    deprecated: Please upgrade to v13 of otplib. Refer to otplib docs for migration paths

  '@otplib/preset-default@12.0.1':
    resolution: {integrity: sha512-xf1v9oOJRyXfluBhMdpOkr+bsE+Irt+0D5uHtvg6x1eosfmHCsCC6ej/m7FXiWqdo0+ZUI6xSKDhJwc8yfiOPQ==}
    deprecated: Please upgrade to v13 of otplib. Refer to otplib docs for migration paths

  '@otplib/preset-v11@12.0.1':
    resolution: {integrity: sha512-9hSetMI7ECqbFiKICrNa4w70deTUfArtwXykPUvSHWOdzOlfa9ajglu7mNCntlvxycTiOAXkQGwjQCzzDEMRMg==}

  '@sinclair/typebox@0.34.47':
    resolution: {integrity: sha512-ZGIBQ+XDvO5JQku9wmwtabcVTHJsgSWAHYtVuM9pBNNR5E88v6Jcj/llpmsjivig5X8A8HHOb4/mbEKPS5EvAw==}

  '@tokenizer/inflate@0.4.1':
    resolution: {integrity: sha512-2mAv+8pkG6GIZiF1kNg1jAjh27IDxEPKwdGul3snfztFerfPGI1LjDezZp3i7BElXompqEtPmoPx6c2wgtWsOA==}
    engines: {node: '>=18'}

  '@tokenizer/token@0.3.0':
    resolution: {integrity: sha512-OvjF+z51L3ov0OyAU0duzsYuvO01PH7x4t6DJx+guahgTnBHkhJdG7soQeTSFLWN3efnHyibZ4Z8l2EuWwJN3A==}

  '@types/bun@1.3.6':
    resolution: {integrity: sha512-uWCv6FO/8LcpREhenN1d1b6fcspAB+cefwD7uti8C8VffIv0Um08TKMn98FynpTiU38+y2dUO55T11NgDt8VAA==}

  '@types/node@25.0.9':
    resolution: {integrity: sha512-/rpCXHlCWeqClNBwUhDcusJxXYDjZTyE8v5oTO7WbL8eij2nKhUeU89/6xgjU7N4/Vh3He0BtyhJdQbDyhiXAw==}

  '@upstash/core-analytics@0.0.10':
    resolution: {integrity: sha512-7qJHGxpQgQr9/vmeS1PktEwvNAF7TI4iJDi8Pu2CFZ9YUGHZH4fOP5TfYlZ4aVxfopnELiE4BS4FBjyK7V1/xQ==}
    engines: {node: '>=16.0.0'}

  '@upstash/ratelimit@2.0.8':
    resolution: {integrity: sha512-YSTMBJ1YIxsoPkUMX/P4DDks/xV5YYCswWMamU8ZIfK9ly6ppjRnVOyBhMDXBmzjODm4UQKcxsJPvaeFAijp5w==}
    peerDependencies:
      '@upstash/redis': ^1.34.3

  '@upstash/redis@1.36.1':
    resolution: {integrity: sha512-N6SjDcgXdOcTAF+7uNoY69o7hCspe9BcA7YjQdxVu5d25avljTwyLaHBW3krWjrP0FfocgMk94qyVtQbeDp39A==}

  bun-types@1.3.6:
    resolution: {integrity: sha512-OlFwHcnNV99r//9v5IIOgQ9Uk37gZqrNMCcqEaExdkVq3Avwqok1bJFmvGMCkCE0FqzdY8VMOZpfpR3lwI+CsQ==}

  cluster-key-slot@1.1.2:
    resolution: {integrity: sha512-RMr0FhtfXemyinomL4hrWcYJxmX6deFdCxpJzhDttxgO1+bcCnkk+9drydLVDmAMG7NE6aN/fl4F7ucU/90gAA==}
    engines: {node: '>=0.10.0'}

  cookie@1.1.1:
    resolution: {integrity: sha512-ei8Aos7ja0weRpFzJnEA9UHJ/7XQmqglbRwnf2ATjcB9Wq874VKH9kfjjirM6UhU2/E5fFYadylyhFldcqSidQ==}
    engines: {node: '>=18'}

  debug@4.4.3:
    resolution: {integrity: sha512-RGwwWnwQvkVfavKVt22FGLw+xYSdzARwm0ru6DhTVA3umU5hZc28V3kO4stgYryrTlLpuvgI9GiijltAjNbcqA==}
    engines: {node: '>=6.0'}
    peerDependencies:
      supports-color: '*'
    peerDependenciesMeta:
      supports-color:
        optional: true

  denque@2.1.0:
    resolution: {integrity: sha512-HVQE3AAb/pxF8fQAoiqpvg9i3evqug3hoiwakOyZAwJm+6vZehbkYXZ0l4JxS+I3QxM97v5aaRNhj8v5oBhekw==}
    engines: {node: '>=0.10'}

  elysia@1.4.22:
    resolution: {integrity: sha512-Q90VCb1RVFxnFaRV0FDoSylESQQLWgLHFmWciQJdX9h3b2cSasji9KWEUvaJuy/L9ciAGg4RAhUVfsXHg5K2RQ==}
    peerDependencies:
      '@sinclair/typebox': '>= 0.34.0 < 1'
      '@types/bun': '>= 1.2.0'
      exact-mirror: '>= 0.0.9'
      file-type: '>= 20.0.0'
      openapi-types: '>= 12.0.0'
      typescript: '>= 5.0.0'
    peerDependenciesMeta:
      '@types/bun':
        optional: true
      typescript:
        optional: true

  exact-mirror@0.2.6:
    resolution: {integrity: sha512-7s059UIx9/tnOKSySzUk5cPGkoILhTE4p6ncf6uIPaQ+9aRBQzQjc9+q85l51+oZ+P6aBxh084pD0CzBQPcFUA==}
    peerDependencies:
      '@sinclair/typebox': ^0.34.15
    peerDependenciesMeta:
      '@sinclair/typebox':
        optional: true

  fast-decode-uri-component@1.0.1:
    resolution: {integrity: sha512-WKgKWg5eUxvRZGwW8FvfbaH7AXSh2cL+3j5fMGzUMCxWBJ3dV3a7Wz8y2f/uQ0e3B6WmodD3oS54jTQ9HVTIIg==}

  fetch-cookie@3.2.0:
    resolution: {integrity: sha512-n61pQIxP25C6DRhcJxn7BDzgHP/+S56Urowb5WFxtcRMpU6drqXD90xjyAsVQYsNSNNVbaCcYY1DuHsdkZLuiA==}

  file-type@21.3.0:
    resolution: {integrity: sha512-8kPJMIGz1Yt/aPEwOsrR97ZyZaD1Iqm8PClb1nYFclUCkBi0Ma5IsYNQzvSFS9ib51lWyIw5mIT9rWzI/xjpzA==}
    engines: {node: '>=20'}

  ieee754@1.2.1:
    resolution: {integrity: sha512-dcyqhDvX1C46lXZcVqCpK+FtMRQVdIMN6/Df5js2zouUsqG7I6sFxitIC+7KYK29KdXOLHdu9zL4sFnoVQnqaA==}

  ioredis@5.9.2:
    resolution: {integrity: sha512-tAAg/72/VxOUW7RQSX1pIxJVucYKcjFjfvj60L57jrZpYCHC3XN0WCQ3sNYL4Gmvv+7GPvTAjc+KSdeNuE8oWQ==}
    engines: {node: '>=12.22.0'}

  lodash.defaults@4.2.0:
    resolution: {integrity: sha512-qjxPLHd3r5DnsdGacqOMU6pb/avJzdh9tFX2ymgoZE27BmjXrNy/y4LoaiTeAb+O3gL8AfpJGtqfX/ae2leYYQ==}

  lodash.isarguments@3.1.0:
    resolution: {integrity: sha512-chi4NHZlZqZD18a0imDHnZPrDeBbTtVN7GXMwuGdRH9qotxAjYs3aVLKc7zNOG9eddR5Ksd8rvFEBc9SsggPpg==}

  memoirist@0.4.0:
    resolution: {integrity: sha512-zxTgA0mSYELa66DimuNQDvyLq36AwDlTuVRbnQtB+VuTcKWm5Qc4z3WkSpgsFWHNhexqkIooqpv4hdcqrX5Nmg==}

  ms@2.1.3:
    resolution: {integrity: sha512-6FlzubTLZG3J2a/NVCAleEhjzq5oxgHyaCU9yYXvcLsvoVaHJq/s5xXI6/XXP6tz7R9xAOtHnSO/tXtF3WRTlA==}

  openapi-types@12.1.3:
    resolution: {integrity: sha512-N4YtSYJqghVu4iek2ZUvcN/0aqH1kRDuNqzcycDxhOUpg7GdvLa2F3DgS6yBNhInhv2r/6I0Flkn7CqL8+nIcw==}

  otplib@12.0.1:
    resolution: {integrity: sha512-xDGvUOQjop7RDgxTQ+o4pOol0/3xSZzawTiPKRrHnQWAy0WjhNs/5HdIDJCrqC4MBynmjXgULc6YfioaxZeFgg==}

  redis-errors@1.2.0:
    resolution: {integrity: sha512-1qny3OExCf0UvUV/5wpYKf2YwPcOqXzkwKKSmKHiE6ZMQs5heeE/c8eXK+PNllPvmjgAbfnsbpkGZWy8cBpn9w==}
    engines: {node: '>=4'}

  redis-parser@3.0.0:
    resolution: {integrity: sha512-DJnGAeenTdpMEH6uAJRK/uiyEIH9WVsUmoLwzudwGJUwZPp80PDBWPHXSAGNPwNvIXAbe7MSUB1zQFugFml66A==}
    engines: {node: '>=4'}

  set-cookie-parser@2.7.2:
    resolution: {integrity: sha512-oeM1lpU/UvhTxw+g3cIfxXHyJRc/uidd3yK1P242gzHds0udQBYzs3y8j4gCCW+ZJ7ad0yctld8RYO+bdurlvw==}

  standard-as-callback@2.1.0:
    resolution: {integrity: sha512-qoRRSyROncaz1z0mvYqIE4lCd9p2R90i6GxW3uZv5ucSu8tU7B5HXUP1gG8pVZsYNVaXjk8ClXHPttLyxAL48A==}

  strtok3@10.3.4:
    resolution: {integrity: sha512-KIy5nylvC5le1OdaaoCJ07L+8iQzJHGH6pWDuzS+d07Cu7n1MZ2x26P8ZKIWfbK02+XIL8Mp4RkWeqdUCrDMfg==}
    engines: {node: '>=18'}

  thirty-two@1.0.2:
    resolution: {integrity: sha512-OEI0IWCe+Dw46019YLl6V10Us5bi574EvlJEOcAkB29IzQ/mYD1A6RyNHLjZPiHCmuodxvgF6U+vZO1L15lxVA==}
    engines: {node: '>=0.2.6'}

  tldts-core@7.0.19:
    resolution: {integrity: sha512-lJX2dEWx0SGH4O6p+7FPwYmJ/bu1JbcGJ8RLaG9b7liIgZ85itUVEPbMtWRVrde/0fnDPEPHW10ZsKW3kVsE9A==}

  tldts@7.0.19:
    resolution: {integrity: sha512-8PWx8tvC4jDB39BQw1m4x8y5MH1BcQ5xHeL2n7UVFulMPH/3Q0uiamahFJ3lXA0zO2SUyRXuVVbWSDmstlt9YA==}
    hasBin: true

  token-types@6.1.2:
    resolution: {integrity: sha512-dRXchy+C0IgK8WPC6xvCHFRIWYUbqqdEIKPaKo/AcTUNzwLTK6AH7RjdLWsEZcAN/TBdtfUw3PYEgPr5VPr6ww==}
    engines: {node: '>=14.16'}

  tough-cookie@6.0.0:
    resolution: {integrity: sha512-kXuRi1mtaKMrsLUxz3sQYvVl37B0Ns6MzfrtV5DvJceE9bPyspOqk9xxv7XbZWcfLWbFmm997vl83qUWVJA64w==}
    engines: {node: '>=16'}

  typescript@5.9.3:
    resolution: {integrity: sha512-jl1vZzPDinLr9eUt3J/t7V6FgNEw9QjvBPdysz9KfQDD41fQrC2Y4vKQdiaUpFT4bXlb1RHhLpp8wtm6M5TgSw==}
    engines: {node: '>=14.17'}
    hasBin: true

  uint8array-extras@1.5.0:
    resolution: {integrity: sha512-rvKSBiC5zqCCiDZ9kAOszZcDvdAHwwIKJG33Ykj43OKcWsnmcBRL09YTU4nOeHZ8Y2a7l1MgTd08SBe9A8Qj6A==}
    engines: {node: '>=18'}

  uncrypto@0.1.3:
    resolution: {integrity: sha512-Ql87qFHB3s/De2ClA9e0gsnS6zXG27SkTiSJwjCc9MebbfapQfuPzumMIUMi38ezPZVNFcHI9sUIepeQfw8J8Q==}

  undici-types@7.16.0:
    resolution: {integrity: sha512-Zz+aZWSj8LE6zoxD+xrjh4VfkIG8Ya6LvYkZqtUQGJPZjYl53ypCaUwWqo7eI0x66KBGeRo+mlBEkMSeSZ38Nw==}

snapshots:

  '@borewit/text-codec@0.2.1': {}

  '@elysiajs/cors@1.4.1(elysia@1.4.22(@sinclair/typebox@0.34.47)(@types/bun@1.3.6)(exact-mirror@0.2.6(@sinclair/typebox@0.34.47))(file-type@21.3.0)(openapi-types@12.1.3)(typescript@5.9.3))':
    dependencies:
      elysia: 1.4.22(@sinclair/typebox@0.34.47)(@types/bun@1.3.6)(exact-mirror@0.2.6(@sinclair/typebox@0.34.47))(file-type@21.3.0)(openapi-types@12.1.3)(typescript@5.9.3)

  '@ioredis/commands@1.5.0': {}

  '@otplib/core@12.0.1': {}

  '@otplib/plugin-crypto@12.0.1':
    dependencies:
      '@otplib/core': 12.0.1

  '@otplib/plugin-thirty-two@12.0.1':
    dependencies:
      '@otplib/core': 12.0.1
      thirty-two: 1.0.2

  '@otplib/preset-default@12.0.1':
    dependencies:
      '@otplib/core': 12.0.1
      '@otplib/plugin-crypto': 12.0.1
      '@otplib/plugin-thirty-two': 12.0.1

  '@otplib/preset-v11@12.0.1':
    dependencies:
      '@otplib/core': 12.0.1
      '@otplib/plugin-crypto': 12.0.1
      '@otplib/plugin-thirty-two': 12.0.1

  '@sinclair/typebox@0.34.47': {}

  '@tokenizer/inflate@0.4.1':
    dependencies:
      debug: 4.4.3
      token-types: 6.1.2
    transitivePeerDependencies:
      - supports-color

  '@tokenizer/token@0.3.0': {}

  '@types/bun@1.3.6':
    dependencies:
      bun-types: 1.3.6

  '@types/node@25.0.9':
    dependencies:
      undici-types: 7.16.0

  '@upstash/core-analytics@0.0.10':
    dependencies:
      '@upstash/redis': 1.36.1

  '@upstash/ratelimit@2.0.8(@upstash/redis@1.36.1)':
    dependencies:
      '@upstash/core-analytics': 0.0.10
      '@upstash/redis': 1.36.1

  '@upstash/redis@1.36.1':
    dependencies:
      uncrypto: 0.1.3

  bun-types@1.3.6:
    dependencies:
      '@types/node': 25.0.9

  cluster-key-slot@1.1.2: {}

  cookie@1.1.1: {}

  debug@4.4.3:
    dependencies:
      ms: 2.1.3

  denque@2.1.0: {}

  elysia@1.4.22(@sinclair/typebox@0.34.47)(@types/bun@1.3.6)(exact-mirror@0.2.6(@sinclair/typebox@0.34.47))(file-type@21.3.0)(openapi-types@12.1.3)(typescript@5.9.3):
    dependencies:
      '@sinclair/typebox': 0.34.47
      cookie: 1.1.1
      exact-mirror: 0.2.6(@sinclair/typebox@0.34.47)
      fast-decode-uri-component: 1.0.1
      file-type: 21.3.0
      memoirist: 0.4.0
      openapi-types: 12.1.3
    optionalDependencies:
      '@types/bun': 1.3.6
      typescript: 5.9.3

  exact-mirror@0.2.6(@sinclair/typebox@0.34.47):
    optionalDependencies:
      '@sinclair/typebox': 0.34.47

  fast-decode-uri-component@1.0.1: {}

  fetch-cookie@3.2.0:
    dependencies:
      set-cookie-parser: 2.7.2
      tough-cookie: 6.0.0

  file-type@21.3.0:
    dependencies:
      '@tokenizer/inflate': 0.4.1
      strtok3: 10.3.4
      token-types: 6.1.2
      uint8array-extras: 1.5.0
    transitivePeerDependencies:
      - supports-color

  ieee754@1.2.1: {}

  ioredis@5.9.2:
    dependencies:
      '@ioredis/commands': 1.5.0
      cluster-key-slot: 1.1.2
      debug: 4.4.3
      denque: 2.1.0
      lodash.defaults: 4.2.0
      lodash.isarguments: 3.1.0
      redis-errors: 1.2.0
      redis-parser: 3.0.0
      standard-as-callback: 2.1.0
    transitivePeerDependencies:
      - supports-color

  lodash.defaults@4.2.0: {}

  lodash.isarguments@3.1.0: {}

  memoirist@0.4.0: {}

  ms@2.1.3: {}

  openapi-types@12.1.3: {}

  otplib@12.0.1:
    dependencies:
      '@otplib/core': 12.0.1
      '@otplib/preset-default': 12.0.1
      '@otplib/preset-v11': 12.0.1

  redis-errors@1.2.0: {}

  redis-parser@3.0.0:
    dependencies:
      redis-errors: 1.2.0

  set-cookie-parser@2.7.2: {}

  standard-as-callback@2.1.0: {}

  strtok3@10.3.4:
    dependencies:
      '@tokenizer/token': 0.3.0

  thirty-two@1.0.2: {}

  tldts-core@7.0.19: {}

  tldts@7.0.19:
    dependencies:
      tldts-core: 7.0.19

  token-types@6.1.2:
    dependencies:
      '@borewit/text-codec': 0.2.1
      '@tokenizer/token': 0.3.0
      ieee754: 1.2.1

  tough-cookie@6.0.0:
    dependencies:
      tldts: 7.0.19

  typescript@5.9.3: {}

  uint8array-extras@1.5.0: {}

  uncrypto@0.1.3: {}

  undici-types@7.16.0: {}
